schema: '2.0'
stages:
  load_data:
    cmd: python src/load_data.py --config=params.yaml
    deps:
    - path: data_given/winequality.csv
      md5: ccc8d3507eb151f53f760d36abdef888
      size: 93598
    - path: src/get_data.py
      md5: 067fa0059206656baa6871fd409ac360
      size: 730
    - path: src/load_data.py
      md5: 38f8cb1dbacd6366ce3bdac9106c4d15
      size: 901
    outs:
    - path: data/raw/winequality.csv
      md5: d98e8f2eca228c11c4de1cc96866a54d
      size: 93598
